
Microsoft Visual Studio Solution File, Format Version 12.00
# Visual Studio Version 16
VisualStudioVersion = 16.0.33027.164
MinimumVisualStudioVersion = 10.0.40219.1
Project("{FAE04EC0-301F-11D3-BF4B-00C04F79EFBC}") = "Express-Template-Builder", "Express-Template-Builder\Express-Template-Builder.csproj", "{BEA7C0F9-798C-4372-BD66-B8E8652DF535}"
EndProject
Global
	GlobalSection(SolutionConfigurationPlatforms) = preSolution
		Debug|Any CPU = Debug|Any CPU
		Release|Any CPU = Release|Any CPU
	EndGlobalSection
	GlobalSection(ProjectConfigurationPlatforms) = postSolution
		{BEA7C0F9-798C-4372-BD66-B8E8652DF535}.Debug|Any CPU.ActiveCfg = Debug|Any CPU
		{BEA7C0F9-798C-4372-BD66-B8E8652DF535}.Debug|Any CPU.Build.0 = Debug|Any CPU
		{BEA7C0F9-798C-4372-BD66-B8E8652DF535}.Release|Any CPU.ActiveCfg = Release|Any CPU
		{BEA7C0F9-798C-4372-BD66-B8E8652DF535}.Release|Any CPU.Build.0 = Release|Any CPU
	EndGlobalSection
	GlobalSection(SolutionProperties) = preSolution
		HideSolutionNode = FALSE
	EndGlobalSection
	GlobalSection(ExtensibilityGlobals) = postSolution
		SolutionGuid = {BD216290-BC4C-4358-8588-A0F12C7BDB03}
	EndGlobalSection
EndGlobal
